
Microsoft Visual Studio Solution File, Format Version 12.00
# Visual Studio Version 17
VisualStudioVersion = 17.12.35707.178 d17.12
MinimumVisualStudioVersion = 10.0.40219.1
Project("{FAE04EC0-301F-11D3-BF4B-00C04F79EFBC}") = "TextFilter.ConsoleApp", "TextFilter.ConsoleApp\TextFilter.ConsoleApp.csproj", "{8253BFD7-05BF-421F-AAD7-1D65BC81E8F4}"
EndProject
Project("{FAE04EC0-301F-11D3-BF4B-00C04F79EFBC}") = "TextFilter.Services", "TextFilter.Services\TextFilter.Services.csproj", "{C624AF0D-685C-4B83-AF0F-1BA1180C6CBD}"
EndProject
Project("{FAE04EC0-301F-11D3-BF4B-00C04F79EFBC}") = "TextFilter.UnitTests", "TextFilter.UnitTests\TextFilter.UnitTests.csproj", "{2384E754-A6EE-4703-9C3A-D9772D2C27BA}"
EndProject
Global
	GlobalSection(SolutionConfigurationPlatforms) = preSolution
		Debug|Any CPU = Debug|Any CPU
		Release|Any CPU = Release|Any CPU
	EndGlobalSection
	GlobalSection(ProjectConfigurationPlatforms) = postSolution
		{8253BFD7-05BF-421F-AAD7-1D65BC81E8F4}.Debug|Any CPU.ActiveCfg = Debug|Any CPU
		{8253BFD7-05BF-421F-AAD7-1D65BC81E8F4}.Debug|Any CPU.Build.0 = Debug|Any CPU
		{8253BFD7-05BF-421F-AAD7-1D65BC81E8F4}.Release|Any CPU.ActiveCfg = Release|Any CPU
		{8253BFD7-05BF-421F-AAD7-1D65BC81E8F4}.Release|Any CPU.Build.0 = Release|Any CPU
		{C624AF0D-685C-4B83-AF0F-1BA1180C6CBD}.Debug|Any CPU.ActiveCfg = Debug|Any CPU
		{C624AF0D-685C-4B83-AF0F-1BA1180C6CBD}.Debug|Any CPU.Build.0 = Debug|Any CPU
		{C624AF0D-685C-4B83-AF0F-1BA1180C6CBD}.Release|Any CPU.ActiveCfg = Release|Any CPU
		{C624AF0D-685C-4B83-AF0F-1BA1180C6CBD}.Release|Any CPU.Build.0 = Release|Any CPU
		{2384E754-A6EE-4703-9C3A-D9772D2C27BA}.Debug|Any CPU.ActiveCfg = Debug|Any CPU
		{2384E754-A6EE-4703-9C3A-D9772D2C27BA}.Debug|Any CPU.Build.0 = Debug|Any CPU
		{2384E754-A6EE-4703-9C3A-D9772D2C27BA}.Release|Any CPU.ActiveCfg = Release|Any CPU
		{2384E754-A6EE-4703-9C3A-D9772D2C27BA}.Release|Any CPU.Build.0 = Release|Any CPU
	EndGlobalSection
	GlobalSection(SolutionProperties) = preSolution
		HideSolutionNode = FALSE
	EndGlobalSection
EndGlobal
